
Microsoft Visual Studio Solution File, Format Version 12.00
# Visual Studio 15
VisualStudioVersion = 15.0.26403.7
MinimumVisualStudioVersion = 10.0.40219.1
Project("{FAE04EC0-301F-11D3-BF4B-00C04F79EFBC}") = "CRM_Ext", "CRM_Ext\CRM_Ext.csproj", "{63CE28E2-F46A-47D7-A346-0D940D583F6F}"
EndProject
Global
	GlobalSection(SolutionConfigurationPlatforms) = preSolution
		Debug|Any CPU = Debug|Any CPU
		Release|Any CPU = Release|Any CPU
	EndGlobalSection
	GlobalSection(ProjectConfigurationPlatforms) = postSolution
		{63CE28E2-F46A-47D7-A346-0D940D583F6F}.Debug|Any CPU.ActiveCfg = Debug|Any CPU
		{63CE28E2-F46A-47D7-A346-0D940D583F6F}.Debug|Any CPU.Build.0 = Debug|Any CPU
		{63CE28E2-F46A-47D7-A346-0D940D583F6F}.Release|Any CPU.ActiveCfg = Release|Any CPU
		{63CE28E2-F46A-47D7-A346-0D940D583F6F}.Release|Any CPU.Build.0 = Release|Any CPU
	EndGlobalSection
	GlobalSection(SolutionProperties) = preSolution
		HideSolutionNode = FALSE
	EndGlobalSection
EndGlobal
